
Microsoft Visual Studio Solution File, Format Version 12.00
# Visual Studio Version 17
VisualStudioVersion = 17.1.32228.430
MinimumVisualStudioVersion = 10.0.40219.1
Project("{2150E333-8FDC-42A3-9474-1A3956D46DE8}") = "Layers", "Layers", "{C761D151-9A6A-41A4-B333-1F11E64ECA9E}"
EndProject
Project("{2150E333-8FDC-42A3-9474-1A3956D46DE8}") = "Infrastructure", "Infrastructure", "{F5F42A0E-88BE-411C-BE11-66A6928D1699}"
EndProject
Project("{9A19103F-16F7-4668-BE54-9A1E7A4F7556}") = "WebApp", "src\WebApp\WebApp.csproj", "{71A9292B-FC52-4F13-AD20-A22536596E81}"
EndProject
Project("{9A19103F-16F7-4668-BE54-9A1E7A4F7556}") = "Store", "src\Layers\Store\Store.csproj", "{6EBBB0BE-AB06-4D28-8AEB-E8A6555D8484}"
EndProject
Project("{9A19103F-16F7-4668-BE54-9A1E7A4F7556}") = "Models", "src\Layers\Models\Models.csproj", "{C425005B-C605-4929-AAAC-0CB5882781AA}"
EndProject
Project("{9A19103F-16F7-4668-BE54-9A1E7A4F7556}") = "Contracts", "src\Layers\Contracts\Contracts.csproj", "{C1C389D0-CCCC-4CCB-98EC-FB18F1345DFE}"
EndProject
Project("{9A19103F-16F7-4668-BE54-9A1E7A4F7556}") = "Identity", "src\Layers\Infrastructure\Identity\Identity.csproj", "{C5B101BA-BD72-4D63-8C0B-17C5C6440B76}"
EndProject
Project("{9A19103F-16F7-4668-BE54-9A1E7A4F7556}") = "Domain", "src\Layers\Domain\Domain.csproj", "{6E9DCBBC-1F98-4488-BF99-0CE4B43ADDEF}"
EndProject
Project("{9A19103F-16F7-4668-BE54-9A1E7A4F7556}") = "Common", "src\Layers\Common\Common.csproj", "{96BE9C42-2513-4178-9E7A-B1050B8FD16E}"
EndProject
Project("{9A19103F-16F7-4668-BE54-9A1E7A4F7556}") = "Authentication.JWT", "src\Layers\Infrastructure\Authentication.JWT\Authentication.JWT.csproj", "{885511D7-649D-4496-81AB-070334B7BBD9}"
EndProject
Project("{9A19103F-16F7-4668-BE54-9A1E7A4F7556}") = "ASP.Models", "src\Layers\Infrastructure\ASP.Models\ASP.Models.csproj", "{1847AB12-774B-4D83-9E5E-40E370ECF094}"
EndProject
Global
	GlobalSection(SolutionConfigurationPlatforms) = preSolution
		Debug|Any CPU = Debug|Any CPU
		Release|Any CPU = Release|Any CPU
		UnitTest|Any CPU = UnitTest|Any CPU
	EndGlobalSection
	GlobalSection(ProjectConfigurationPlatforms) = postSolution
		{71A9292B-FC52-4F13-AD20-A22536596E81}.Debug|Any CPU.ActiveCfg = Debug|Any CPU
		{71A9292B-FC52-4F13-AD20-A22536596E81}.Debug|Any CPU.Build.0 = Debug|Any CPU
		{71A9292B-FC52-4F13-AD20-A22536596E81}.Release|Any CPU.ActiveCfg = Release|Any CPU
		{71A9292B-FC52-4F13-AD20-A22536596E81}.Release|Any CPU.Build.0 = Release|Any CPU
		{71A9292B-FC52-4F13-AD20-A22536596E81}.UnitTest|Any CPU.ActiveCfg = UnitTest|Any CPU
		{71A9292B-FC52-4F13-AD20-A22536596E81}.UnitTest|Any CPU.Build.0 = UnitTest|Any CPU
		{6EBBB0BE-AB06-4D28-8AEB-E8A6555D8484}.Debug|Any CPU.ActiveCfg = Debug|Any CPU
		{6EBBB0BE-AB06-4D28-8AEB-E8A6555D8484}.Debug|Any CPU.Build.0 = Debug|Any CPU
		{6EBBB0BE-AB06-4D28-8AEB-E8A6555D8484}.Release|Any CPU.ActiveCfg = Release|Any CPU
		{6EBBB0BE-AB06-4D28-8AEB-E8A6555D8484}.Release|Any CPU.Build.0 = Release|Any CPU
		{6EBBB0BE-AB06-4D28-8AEB-E8A6555D8484}.UnitTest|Any CPU.ActiveCfg = UnitTest|Any CPU
		{6EBBB0BE-AB06-4D28-8AEB-E8A6555D8484}.UnitTest|Any CPU.Build.0 = UnitTest|Any CPU
		{C425005B-C605-4929-AAAC-0CB5882781AA}.Debug|Any CPU.ActiveCfg = Debug|Any CPU
		{C425005B-C605-4929-AAAC-0CB5882781AA}.Debug|Any CPU.Build.0 = Debug|Any CPU
		{C425005B-C605-4929-AAAC-0CB5882781AA}.Release|Any CPU.ActiveCfg = Release|Any CPU
		{C425005B-C605-4929-AAAC-0CB5882781AA}.Release|Any CPU.Build.0 = Release|Any CPU
		{C425005B-C605-4929-AAAC-0CB5882781AA}.UnitTest|Any CPU.ActiveCfg = UnitTest|Any CPU
		{C425005B-C605-4929-AAAC-0CB5882781AA}.UnitTest|Any CPU.Build.0 = UnitTest|Any CPU
		{C1C389D0-CCCC-4CCB-98EC-FB18F1345DFE}.Debug|Any CPU.ActiveCfg = Debug|Any CPU
		{C1C389D0-CCCC-4CCB-98EC-FB18F1345DFE}.Debug|Any CPU.Build.0 = Debug|Any CPU
		{C1C389D0-CCCC-4CCB-98EC-FB18F1345DFE}.Release|Any CPU.ActiveCfg = Release|Any CPU
		{C1C389D0-CCCC-4CCB-98EC-FB18F1345DFE}.Release|Any CPU.Build.0 = Release|Any CPU
		{C1C389D0-CCCC-4CCB-98EC-FB18F1345DFE}.UnitTest|Any CPU.ActiveCfg = UnitTest|Any CPU
		{C1C389D0-CCCC-4CCB-98EC-FB18F1345DFE}.UnitTest|Any CPU.Build.0 = UnitTest|Any CPU
		{C5B101BA-BD72-4D63-8C0B-17C5C6440B76}.Debug|Any CPU.ActiveCfg = Debug|Any CPU
		{C5B101BA-BD72-4D63-8C0B-17C5C6440B76}.Debug|Any CPU.Build.0 = Debug|Any CPU
		{C5B101BA-BD72-4D63-8C0B-17C5C6440B76}.Release|Any CPU.ActiveCfg = Release|Any CPU
		{C5B101BA-BD72-4D63-8C0B-17C5C6440B76}.Release|Any CPU.Build.0 = Release|Any CPU
		{C5B101BA-BD72-4D63-8C0B-17C5C6440B76}.UnitTest|Any CPU.ActiveCfg = UnitTest|Any CPU
		{C5B101BA-BD72-4D63-8C0B-17C5C6440B76}.UnitTest|Any CPU.Build.0 = UnitTest|Any CPU
		{6E9DCBBC-1F98-4488-BF99-0CE4B43ADDEF}.Debug|Any CPU.ActiveCfg = Debug|Any CPU
		{6E9DCBBC-1F98-4488-BF99-0CE4B43ADDEF}.Debug|Any CPU.Build.0 = Debug|Any CPU
		{6E9DCBBC-1F98-4488-BF99-0CE4B43ADDEF}.Release|Any CPU.ActiveCfg = Release|Any CPU
		{6E9DCBBC-1F98-4488-BF99-0CE4B43ADDEF}.Release|Any CPU.Build.0 = Release|Any CPU
		{6E9DCBBC-1F98-4488-BF99-0CE4B43ADDEF}.UnitTest|Any CPU.ActiveCfg = UnitTest|Any CPU
		{6E9DCBBC-1F98-4488-BF99-0CE4B43ADDEF}.UnitTest|Any CPU.Build.0 = UnitTest|Any CPU
		{96BE9C42-2513-4178-9E7A-B1050B8FD16E}.Debug|Any CPU.ActiveCfg = Debug|Any CPU
		{96BE9C42-2513-4178-9E7A-B1050B8FD16E}.Debug|Any CPU.Build.0 = Debug|Any CPU
		{96BE9C42-2513-4178-9E7A-B1050B8FD16E}.Release|Any CPU.ActiveCfg = Release|Any CPU
		{96BE9C42-2513-4178-9E7A-B1050B8FD16E}.Release|Any CPU.Build.0 = Release|Any CPU
		{96BE9C42-2513-4178-9E7A-B1050B8FD16E}.UnitTest|Any CPU.ActiveCfg = UnitTest|Any CPU
		{96BE9C42-2513-4178-9E7A-B1050B8FD16E}.UnitTest|Any CPU.Build.0 = UnitTest|Any CPU
		{885511D7-649D-4496-81AB-070334B7BBD9}.Debug|Any CPU.ActiveCfg = Debug|Any CPU
		{885511D7-649D-4496-81AB-070334B7BBD9}.Debug|Any CPU.Build.0 = Debug|Any CPU
		{885511D7-649D-4496-81AB-070334B7BBD9}.Release|Any CPU.ActiveCfg = Release|Any CPU
		{885511D7-649D-4496-81AB-070334B7BBD9}.Release|Any CPU.Build.0 = Release|Any CPU
		{885511D7-649D-4496-81AB-070334B7BBD9}.UnitTest|Any CPU.ActiveCfg = Debug|Any CPU
		{885511D7-649D-4496-81AB-070334B7BBD9}.UnitTest|Any CPU.Build.0 = Debug|Any CPU
		{1847AB12-774B-4D83-9E5E-40E370ECF094}.Debug|Any CPU.ActiveCfg = Debug|Any CPU
		{1847AB12-774B-4D83-9E5E-40E370ECF094}.Debug|Any CPU.Build.0 = Debug|Any CPU
		{1847AB12-774B-4D83-9E5E-40E370ECF094}.Release|Any CPU.ActiveCfg = Release|Any CPU
		{1847AB12-774B-4D83-9E5E-40E370ECF094}.Release|Any CPU.Build.0 = Release|Any CPU
		{1847AB12-774B-4D83-9E5E-40E370ECF094}.UnitTest|Any CPU.ActiveCfg = UnitTest|Any CPU
		{1847AB12-774B-4D83-9E5E-40E370ECF094}.UnitTest|Any CPU.Build.0 = UnitTest|Any CPU
	EndGlobalSection
	GlobalSection(SolutionProperties) = preSolution
		HideSolutionNode = FALSE
	EndGlobalSection
	GlobalSection(NestedProjects) = preSolution
		{F5F42A0E-88BE-411C-BE11-66A6928D1699} = {C761D151-9A6A-41A4-B333-1F11E64ECA9E}
		{6EBBB0BE-AB06-4D28-8AEB-E8A6555D8484} = {C761D151-9A6A-41A4-B333-1F11E64ECA9E}
		{C425005B-C605-4929-AAAC-0CB5882781AA} = {C761D151-9A6A-41A4-B333-1F11E64ECA9E}
		{C1C389D0-CCCC-4CCB-98EC-FB18F1345DFE} = {C761D151-9A6A-41A4-B333-1F11E64ECA9E}
		{C5B101BA-BD72-4D63-8C0B-17C5C6440B76} = {F5F42A0E-88BE-411C-BE11-66A6928D1699}
		{6E9DCBBC-1F98-4488-BF99-0CE4B43ADDEF} = {C761D151-9A6A-41A4-B333-1F11E64ECA9E}
		{96BE9C42-2513-4178-9E7A-B1050B8FD16E} = {C761D151-9A6A-41A4-B333-1F11E64ECA9E}
		{885511D7-649D-4496-81AB-070334B7BBD9} = {F5F42A0E-88BE-411C-BE11-66A6928D1699}
		{1847AB12-774B-4D83-9E5E-40E370ECF094} = {F5F42A0E-88BE-411C-BE11-66A6928D1699}
	EndGlobalSection
	GlobalSection(ExtensibilityGlobals) = postSolution
		SolutionGuid = {40685BF8-E53D-4C39-8687-02F0C1D5C9E6}
	EndGlobalSection
EndGlobal
